
Microsoft Visual Studio Solution File, Format Version 12.00
# Visual Studio Version 16
VisualStudioVersion = 16.0.34301.259
MinimumVisualStudioVersion = 10.0.40219.1
Project("{FAE04EC0-301F-11D3-BF4B-00C04F79EFBC}") = "NiniCafe", "NiniCafe\NiniCafe.csproj", "{2DB25080-22E6-4695-B3C1-8F7070EBEEBB}"
EndProject
Global
	GlobalSection(SolutionConfigurationPlatforms) = preSolution
		Debug|Any CPU = Debug|Any CPU
		Release|Any CPU = Release|Any CPU
	EndGlobalSection
	GlobalSection(ProjectConfigurationPlatforms) = postSolution
		{2DB25080-22E6-4695-B3C1-8F7070EBEEBB}.Debug|Any CPU.ActiveCfg = Debug|Any CPU
		{2DB25080-22E6-4695-B3C1-8F7070EBEEBB}.Debug|Any CPU.Build.0 = Debug|Any CPU
		{2DB25080-22E6-4695-B3C1-8F7070EBEEBB}.Release|Any CPU.ActiveCfg = Release|Any CPU
		{2DB25080-22E6-4695-B3C1-8F7070EBEEBB}.Release|Any CPU.Build.0 = Release|Any CPU
	EndGlobalSection
	GlobalSection(SolutionProperties) = preSolution
		HideSolutionNode = FALSE
	EndGlobalSection
	GlobalSection(ExtensibilityGlobals) = postSolution
		SolutionGuid = {E531FF34-3D43-4346-AB0E-93E8375499EC}
	EndGlobalSection
EndGlobal
